
Microsoft Visual Studio Solution File, Format Version 12.00
# Visual Studio Version 17
VisualStudioVersion = 17.10.35004.147
MinimumVisualStudioVersion = 10.0.40219.1
Project("{FAE04EC0-301F-11D3-BF4B-00C04F79EFBC}") = "Conveyor", "Conveyor.csproj", "{EFF4D428-BBAA-4215-9C64-CFCDB2786D95}"
EndProject
Global
	GlobalSection(SolutionConfigurationPlatforms) = preSolution
		Debug|Any CPU = Debug|Any CPU
		Release|Any CPU = Release|Any CPU
	EndGlobalSection
	GlobalSection(ProjectConfigurationPlatforms) = postSolution
		{EFF4D428-BBAA-4215-9C64-CFCDB2786D95}.Debug|Any CPU.ActiveCfg = Debug|Any CPU
		{EFF4D428-BBAA-4215-9C64-CFCDB2786D95}.Debug|Any CPU.Build.0 = Debug|Any CPU
		{EFF4D428-BBAA-4215-9C64-CFCDB2786D95}.Release|Any CPU.ActiveCfg = Release|Any CPU
		{EFF4D428-BBAA-4215-9C64-CFCDB2786D95}.Release|Any CPU.Build.0 = Release|Any CPU
	EndGlobalSection
	GlobalSection(SolutionProperties) = preSolution
		HideSolutionNode = FALSE
	EndGlobalSection
	GlobalSection(ExtensibilityGlobals) = postSolution
		SolutionGuid = {26214785-D7B6-4053-AFEF-9E732C1B7015}
	EndGlobalSection
EndGlobal
