
Microsoft Visual Studio Solution File, Format Version 12.00
# Visual Studio Version 17
VisualStudioVersion = 17.10.35004.147
MinimumVisualStudioVersion = 10.0.40219.1
Project("{FAE04EC0-301F-11D3-BF4B-00C04F79EFBC}") = "SignalLight", "SignalLight.csproj", "{BAF64BBD-B8D4-44F9-A1CE-DDFF13F63817}"
EndProject
Global
	GlobalSection(SolutionConfigurationPlatforms) = preSolution
		Debug|Any CPU = Debug|Any CPU
		Release|Any CPU = Release|Any CPU
	EndGlobalSection
	GlobalSection(ProjectConfigurationPlatforms) = postSolution
		{BAF64BBD-B8D4-44F9-A1CE-DDFF13F63817}.Debug|Any CPU.ActiveCfg = Debug|Any CPU
		{BAF64BBD-B8D4-44F9-A1CE-DDFF13F63817}.Debug|Any CPU.Build.0 = Debug|Any CPU
		{BAF64BBD-B8D4-44F9-A1CE-DDFF13F63817}.Release|Any CPU.ActiveCfg = Release|Any CPU
		{BAF64BBD-B8D4-44F9-A1CE-DDFF13F63817}.Release|Any CPU.Build.0 = Release|Any CPU
	EndGlobalSection
	GlobalSection(SolutionProperties) = preSolution
		HideSolutionNode = FALSE
	EndGlobalSection
	GlobalSection(ExtensibilityGlobals) = postSolution
		SolutionGuid = {D13A1A23-1B28-42FF-ADF0-DB9B394B58B2}
	EndGlobalSection
EndGlobal
